
Microsoft Visual Studio Solution File, Format Version 12.00
# Visual Studio Version 16
VisualStudioVersion = 16.0.31424.327
MinimumVisualStudioVersion = 10.0.40219.1
Project("{FAE04EC0-301F-11D3-BF4B-00C04F79EFBC}") = "Vidzy", "Vidzy\Vidzy.csproj", "{D6416D95-4294-48D5-B195-6F85A1DD1FCC}"
EndProject
Global
	GlobalSection(SolutionConfigurationPlatforms) = preSolution
		Debug|Any CPU = Debug|Any CPU
		Release|Any CPU = Release|Any CPU
	EndGlobalSection
	GlobalSection(ProjectConfigurationPlatforms) = postSolution
		{D6416D95-4294-48D5-B195-6F85A1DD1FCC}.Debug|Any CPU.ActiveCfg = Debug|Any CPU
		{D6416D95-4294-48D5-B195-6F85A1DD1FCC}.Debug|Any CPU.Build.0 = Debug|Any CPU
		{D6416D95-4294-48D5-B195-6F85A1DD1FCC}.Release|Any CPU.ActiveCfg = Release|Any CPU
		{D6416D95-4294-48D5-B195-6F85A1DD1FCC}.Release|Any CPU.Build.0 = Release|Any CPU
	EndGlobalSection
	GlobalSection(SolutionProperties) = preSolution
		HideSolutionNode = FALSE
	EndGlobalSection
	GlobalSection(ExtensibilityGlobals) = postSolution
		SolutionGuid = {83125985-6A38-4531-BC9F-F213D28D1991}
	EndGlobalSection
EndGlobal
