
Microsoft Visual Studio Solution File, Format Version 12.00
# Visual Studio Version 16
VisualStudioVersion = 16.0.31424.327
MinimumVisualStudioVersion = 10.0.40219.1
Project("{FAE04EC0-301F-11D3-BF4B-00C04F79EFBC}") = "DbFirst", "DbFirst\DbFirst.csproj", "{6694F5A7-B509-4940-BF84-9B0F0E0070AB}"
EndProject
Global
	GlobalSection(SolutionConfigurationPlatforms) = preSolution
		Debug|Any CPU = Debug|Any CPU
		Release|Any CPU = Release|Any CPU
	EndGlobalSection
	GlobalSection(ProjectConfigurationPlatforms) = postSolution
		{6694F5A7-B509-4940-BF84-9B0F0E0070AB}.Debug|Any CPU.ActiveCfg = Debug|Any CPU
		{6694F5A7-B509-4940-BF84-9B0F0E0070AB}.Debug|Any CPU.Build.0 = Debug|Any CPU
		{6694F5A7-B509-4940-BF84-9B0F0E0070AB}.Release|Any CPU.ActiveCfg = Release|Any CPU
		{6694F5A7-B509-4940-BF84-9B0F0E0070AB}.Release|Any CPU.Build.0 = Release|Any CPU
	EndGlobalSection
	GlobalSection(SolutionProperties) = preSolution
		HideSolutionNode = FALSE
	EndGlobalSection
	GlobalSection(ExtensibilityGlobals) = postSolution
		SolutionGuid = {EAE58DC4-F567-4E4B-AEC7-ACB9D6980DD6}
	EndGlobalSection
EndGlobal
